// !$*UTF8*$!
{
	archiveVersion = 1;
	classes = {
	};
	objectVersion = 46;
	objects = {

/* Begin PBXBuildFile section */
		D6E9E68319DAC94000BCAD1F /* AppDelegate.swift in Sources */ = {isa = PBXBuildFile; fileRef = D6E9E68219DAC94000BCAD1F /* AppDelegate.swift */; };
		D6E9E68519DAC94000BCAD1F /* ViewController.swift in Sources */ = {isa = PBXBuildFile; fileRef = D6E9E68419DAC94000BCAD1F /* ViewController.swift */; };
		D6E9E68819DAC94000BCAD1F /* Main.storyboard in Resources */ = {isa = PBXBuildFile; fileRef = D6E9E68619DAC94000BCAD1F /* Main.storyboard */; };
		D6E9E68A19DAC94000BCAD1F /* Images.xcassets in Resources */ = {isa = PBXBuildFile; fileRef = D6E9E68919DAC94000BCAD1F /* Images.xcassets */; };
		D6E9E68D19DAC94000BCAD1F /* LaunchScreen.xib in Resources */ = {isa = PBXBuildFile; fileRef = D6E9E68B19DAC94000BCAD1F /* LaunchScreen.xib */; };
		D6E9E69919DAC94000BCAD1F /* SigfoodTests.swift in Sources */ = {isa = PBXBuildFile; fileRef = D6E9E69819DAC94000BCAD1F /* SigfoodTests.swift */; };
/* End PBXBuildFile section */

/* Begin PBXContainerItemProxy section */
		D6E9E69319DAC94000BCAD1F /* PBXContainerItemProxy */ = {
			isa = PBXContainerItemProxy;
			containerPortal = D6E9E67519DAC94000BCAD1F /* Project object */;
			proxyType = 1;
			remoteGlobalIDString = D6E9E67C19DAC94000BCAD1F;
			remoteInfo = Sigfood;
		};
/* End PBXContainerItemProxy section */

/* Begin PBXFileReference section */
		D6E9E67D19DAC94000BCAD1F /* Sigfood.app */ = {isa = PBXFileReference; explicitFileType = wrapper.application; includeInIndex = 0; path = Sigfood.app; sourceTree = BUILT_PRODUCTS_DIR; };
		D6E9E68119DAC94000BCAD1F /* Info.plist */ = {isa = PBXFileReference; lastKnownFileType = text.plist.xml; path = Info.plist; sourceTree = "<group>"; };
		D6E9E68219DAC94000BCAD1F /* AppDelegate.swift */ = {isa = PBXFileReference; lastKnownFileType = sourcecode.swift; path = AppDelegate.swift; sourceTree = "<group>"; };
		D6E9E68419DAC94000BCAD1F /* ViewController.swift */ = {isa = PBXFileReference; lastKnownFileType = sourcecode.swift; path = ViewController.swift; sourceTree = "<group>"; };
		D6E9E68719DAC94000BCAD1F /* Base */ = {isa = PBXFileReference; lastKnownFileType = file.storyboard; name = Base; path = Base.lproj/Main.storyboard; sourceTree = "<group>"; };
		D6E9E68919DAC94000BCAD1F /* Images.xcassets */ = {isa = PBXFileReference; lastKnownFileType = folder.assetcatalog; path = Images.xcassets; sourceTree = "<group>"; };
		D6E9E68C19DAC94000BCAD1F /* Base */ = {isa = PBXFileReference; lastKnownFileType = file.xib; name = Base; path = Base.lproj/LaunchScreen.xib; sourceTree = "<group>"; };
		D6E9E69219DAC94000BCAD1F /* SigfoodTests.xctest */ = {isa = PBXFileReference; explicitFileType = wrapper.cfbundle; includeInIndex = 0; path = SigfoodTests.xctest; sourceTree = BUILT_PRODUCTS_DIR; };
		D6E9E69719DAC94000BCAD1F /* Info.plist */ = {isa = PBXFileReference; lastKnownFileType = text.plist.xml; path = Info.plist; sourceTree = "<group>"; };
		D6E9E69819DAC94000BCAD1F /* SigfoodTests.swift */ = {isa = PBXFileReference; lastKnownFileType = sourcecode.swift; path = SigfoodTests.swift; sourceTree = "<group>"; };
/* End PBXFileReference section */

/* Begin PBXFrameworksBuildPhase section */
		D6E9E67A19DAC94000BCAD1F /* Frameworks */ = {
			isa = PBXFrameworksBuildPhase;
			buildActionMask = 2147483647;
			files = (
			);
			runOnlyForDeploymentPostprocessing = 0;
		};
		D6E9E68F19DAC94000BCAD1F /* Frameworks */ = {
			isa = PBXFrameworksBuildPhase;
			buildActionMask = 2147483647;
			files = (
			);
			runOnlyForDeploymentPostprocessing = 0;
		};
/* End PBXFrameworksBuildPhase section */

/* Begin PBXGroup section */
		D6E9E67419DAC94000BCAD1F = {
			isa = PBXGroup;
			children = (
				D6E9E67F19DAC94000BCAD1F /* Sigfood */,
				D6E9E69519DAC94000BCAD1F /* SigfoodTests */,
				D6E9E67E19DAC94000BCAD1F /* Products */,
			);
			sourceTree = "<group>";
		};
		D6E9E67E19DAC94000BCAD1F /* Products */ = {
			isa = PBXGroup;
			children = (
				D6E9E67D19DAC94000BCAD1F /* Sigfood.app */,
				D6E9E69219DAC94000BCAD1F /* SigfoodTests.xctest */,
			);
			name = Products;
			sourceTree = "<group>";
		};
		D6E9E67F19DAC94000BCAD1F /* Sigfood */ = {
			isa = PBXGroup;
			children = (
				D6E9E68219DAC94000BCAD1F /* AppDelegate.swift */,
				D6E9E68419DAC94000BCAD1F /* ViewController.swift */,
				D6E9E68619DAC94000BCAD1F /* Main.storyboard */,
				D6E9E68919DAC94000BCAD1F /* Images.xcassets */,
				D6E9E68B19DAC94000BCAD1F /* LaunchScreen.xib */,
				D6E9E68019DAC94000BCAD1F /* Supporting Files */,
			);
			path = Sigfood;
			sourceTree = "<group>";
		};
		D6E9E68019DAC94000BCAD1F /* Supporting Files */ = {
			isa = PBXGroup;
			children = (
				D6E9E68119DAC94000BCAD1F /* Info.plist */,
			);
			name = "Supporting Files";
			sourceTree = "<group>";
		};
		D6E9E69519DAC94000BCAD1F /* SigfoodTests */ = {
			isa = PBXGroup;
			children = (
				D6E9E69819DAC94000BCAD1F /* SigfoodTests.swift */,
				D6E9E69619DAC94000BCAD1F /* Supporting Files */,
			);
			path = SigfoodTests;
			sourceTree = "<group>";
		};
		D6E9E69619DAC94000BCAD1F /* Supporting Files */ = {
			isa = PBXGroup;
			children = (
				D6E9E69719DAC94000BCAD1F /* Info.plist */,
			);
			name = "Supporting Files";
			sourceTree = "<group>";
		};
/* End PBXGroup section */

/* Begin PBXNativeTarget section */
		D6E9E67C19DAC94000BCAD1F /* Sigfood */ = {
			isa = PBXNativeTarget;
			buildConfigurationList = D6E9E69C19DAC94000BCAD1F /* Build configuration list for PBXNativeTarget "Sigfood" */;
			buildPhases = (
				D6E9E67919DAC94000BCAD1F /* Sources */,
				D6E9E67A19DAC94000BCAD1F /* Frameworks */,
				D6E9E67B19DAC94000BCAD1F /* Resources */,
			);
			buildRules = (
			);
			dependencies = (
			);
			name = Sigfood;
			productName = Sigfood;
			productReference = D6E9E67D19DAC94000BCAD1F /* Sigfood.app */;
			productType = "com.apple.product-type.application";
		};
		D6E9E69119DAC94000BCAD1F /* SigfoodTests */ = {
			isa = PBXNativeTarget;
			buildConfigurationList = D6E9E69F19DAC94000BCAD1F /* Build configuration list for PBXNativeTarget "SigfoodTests" */;
			buildPhases = (
				D6E9E68E19DAC94000BCAD1F /* Sources */,
				D6E9E68F19DAC94000BCAD1F /* Frameworks */,
				D6E9E69019DAC94000BCAD1F /* Resources */,
			);
			buildRules = (
			);
			dependencies = (
				D6E9E69419DAC94000BCAD1F /* PBXTargetDependency */,
			);
			name = SigfoodTests;
			productName = SigfoodTests;
			productReference = D6E9E69219DAC94000BCAD1F /* SigfoodTests.xctest */;
			productType = "com.apple.product-type.bundle.unit-test";
		};
/* End PBXNativeTarget section */

/* Begin PBXProject section */
		D6E9E67519DAC94000BCAD1F /* Project object */ = {
			isa = PBXProject;
			attributes = {
				LastUpgradeCheck = 0600;
				ORGANIZATIONNAME = "Kett, Oliver";
				TargetAttributes = {
					D6E9E67C19DAC94000BCAD1F = {
						CreatedOnToolsVersion = 6.0.1;
					};
					D6E9E69119DAC94000BCAD1F = {
						CreatedOnToolsVersion = 6.0.1;
						TestTargetID = D6E9E67C19DAC94000BCAD1F;
					};
				};
			};
			buildConfigurationList = D6E9E67819DAC94000BCAD1F /* Build configuration list for PBXProject "Sigfood" */;
			compatibilityVersion = "Xcode 3.2";
			developmentRegion = English;
			hasScannedForEncodings = 0;
			knownRegions = (
				en,
				Base,
			);
			mainGroup = D6E9E67419DAC94000BCAD1F;
			productRefGroup = D6E9E67E19DAC94000BCAD1F /* Products */;
			projectDirPath = "";
			projectRoot = "";
			targets = (
				D6E9E67C19DAC94000BCAD1F /* Sigfood */,
				D6E9E69119DAC94000BCAD1F /* SigfoodTests */,
			);
		};
/* End PBXProject section */

/* Begin PBXResourcesBuildPhase section */
		D6E9E67B19DAC94000BCAD1F /* Resources */ = {
			isa = PBXResourcesBuildPhase;
			buildActionMask = 2147483647;
			files = (
				D6E9E68819DAC94000BCAD1F /* Main.storyboard in Resources */,
				D6E9E68D19DAC94000BCAD1F /* LaunchScreen.xib in Resources */,
				D6E9E68A19DAC94000BCAD1F /* Images.xcassets in Resources */,
			);
			runOnlyForDeploymentPostprocessing = 0;
		};
		D6E9E69019DAC94000BCAD1F /* Resources */ = {
			isa = PBXResourcesBuildPhase;
			buildActionMask = 2147483647;
			files = (
			);
			runOnlyForDeploymentPostprocessing = 0;
		};
/* End PBXResourcesBuildPhase section */

/* Begin PBXSourcesBuildPhase section */
		D6E9E67919DAC94000BCAD1F /* Sources */ = {
			isa = PBXSourcesBuildPhase;
			buildActionMask = 2147483647;
			files = (
				D6E9E68519DAC94000BCAD1F /* ViewController.swift in Sources */,
				D6E9E68319DAC94000BCAD1F /* AppDelegate.swift in Sources */,
			);
			runOnlyForDeploymentPostprocessing = 0;
		};
		D6E9E68E19DAC94000BCAD1F /* Sources */ = {
			isa = PBXSourcesBuildPhase;
			buildActionMask = 2147483647;
			files = (
				D6E9E69919DAC94000BCAD1F /* SigfoodTests.swift in Sources */,
			);
			runOnlyForDeploymentPostprocessing = 0;
		};
/* End PBXSourcesBuildPhase section */

/* Begin PBXTargetDependency section */
		D6E9E69419DAC94000BCAD1F /* PBXTargetDependency */ = {
			isa = PBXTargetDependency;
			target = D6E9E67C19DAC94000BCAD1F /* Sigfood */;
			targetProxy = D6E9E69319DAC94000BCAD1F /* PBXContainerItemProxy */;
		};
/* End PBXTargetDependency section */

/* Begin PBXVariantGroup section */
		D6E9E68619DAC94000BCAD1F /* Main.storyboard */ = {
			isa = PBXVariantGroup;
			children = (
				D6E9E68719DAC94000BCAD1F /* Base */,
			);
			name = Main.storyboard;
			sourceTree = "<group>";
		};
		D6E9E68B19DAC94000BCAD1F /* LaunchScreen.xib */ = {
			isa = PBXVariantGroup;
			children = (
				D6E9E68C19DAC94000BCAD1F /* Base */,
			);
			name = LaunchScreen.xib;
			sourceTree = "<group>";
		};
/* End PBXVariantGroup section */

/* Begin XCBuildConfiguration section */
		D6E9E69A19DAC94000BCAD1F /* Debug */ = {
			isa = XCBuildConfiguration;
			buildSettings = {
				ALWAYS_SEARCH_USER_PATHS = NO;
				CLANG_CXX_LANGUAGE_STANDARD = "gnu++0x";
				CLANG_CXX_LIBRARY = "libc++";
				CLANG_ENABLE_MODULES = YES;
				CLANG_ENABLE_OBJC_ARC = YES;
				CLANG_WARN_BOOL_CONVERSION = YES;
				CLANG_WARN_CONSTANT_CONVERSION = YES;
				CLANG_WARN_DIRECT_OBJC_ISA_USAGE = YES_ERROR;
				CLANG_WARN_EMPTY_BODY = YES;
				CLANG_WARN_ENUM_CONVERSION = YES;
				CLANG_WARN_INT_CONVERSION = YES;
				CLANG_WARN_OBJC_ROOT_CLASS = YES_ERROR;
				CLANG_WARN_UNREACHABLE_CODE = YES;
				CLANG_WARN__DUPLICATE_METHOD_MATCH = YES;
				"CODE_SIGN_IDENTITY[sdk=iphoneos*]" = "iPhone Developer";
				COPY_PHASE_STRIP = NO;
				ENABLE_STRICT_OBJC_MSGSEND = YES;
				GCC_C_LANGUAGE_STANDARD = gnu99;
				GCC_DYNAMIC_NO_PIC = NO;
				GCC_OPTIMIZATION_LEVEL = 0;
				GCC_PREPROCESSOR_DEFINITIONS = (
					"DEBUG=1",
					"$(inherited)",
				);
				GCC_SYMBOLS_PRIVATE_EXTERN = NO;
				GCC_WARN_64_TO_32_BIT_CONVERSION = YES;
				GCC_WARN_ABOUT_RETURN_TYPE = YES_ERROR;
				GCC_WARN_UNDECLARED_SELECTOR = YES;
				GCC_WARN_UNINITIALIZED_AUTOS = YES_AGGRESSIVE;
				GCC_WARN_UNUSED_FUNCTION = YES;
				GCC_WARN_UNUSED_VARIABLE = YES;
				IPHONEOS_DEPLOYMENT_TARGET = 8.0;
				MTL_ENABLE_DEBUG_INFO = YES;
				ONLY_ACTIVE_ARCH = YES;
				SDKROOT = iphoneos;
				SWIFT_OPTIMIZATION_LEVEL = "-Onone";
				TARGETED_DEVICE_FAMILY = "1,2";
			};
			name = Debug;
		};
		D6E9E69B19DAC94000BCAD1F /* Release */ = {
			isa = XCBuildConfiguration;
			buildSettings = {
				ALWAYS_SEARCH_USER_PATHS = NO;
				CLANG_CXX_LANGUAGE_STANDARD = "gnu++0x";
				CLANG_CXX_LIBRARY = "libc++";
				CLANG_ENABLE_MODULES = YES;
				CLANG_ENABLE_OBJC_ARC = YES;
				CLANG_WARN_BOOL_CONVERSION = YES;
				CLANG_WARN_CONSTANT_CONVERSION = YES;
				CLANG_WARN_DIRECT_OBJC_ISA_USAGE = YES_ERROR;
				CLANG_WARN_EMPTY_BODY = YES;
				CLANG_WARN_ENUM_CONVERSION = YES;
				CLANG_WARN_INT_CONVERSION = YES;
				CLANG_WARN_OBJC_ROOT_CLASS = YES_ERROR;
				CLANG_WARN_UNREACHABLE_CODE = YES;
				CLANG_WARN__DUPLICATE_METHOD_MATCH = YES;
				"CODE_SIGN_IDENTITY[sdk=iphoneos*]" = "iPhone Developer";
				COPY_PHASE_STRIP = YES;
				ENABLE_NS_ASSERTIONS = NO;
				ENABLE_STRICT_OBJC_MSGSEND = YES;
				GCC_C_LANGUAGE_STANDARD = gnu99;
				GCC_WARN_64_TO_32_BIT_CONVERSION = YES;
				GCC_WARN_ABOUT_RETURN_TYPE = YES_ERROR;
				GCC_WARN_UNDECLARED_SELECTOR = YES;
				GCC_WARN_UNINITIALIZED_AUTOS = YES_AGGRESSIVE;
				GCC_WARN_UNUSED_FUNCTION = YES;
				GCC_WARN_UNUSED_VARIABLE = YES;
				IPHONEOS_DEPLOYMENT_TARGET = 8.0;
				MTL_ENABLE_DEBUG_INFO = NO;
				SDKROOT = iphoneos;
				TARGETED_DEVICE_FAMILY = "1,2";
				VALIDATE_PRODUCT = YES;
			};
			name = Release;
		};
		D6E9E69D19DAC94000BCAD1F /* Debug */ = {
			isa = XCBuildConfiguration;
			buildSettings = {
				ASSETCATALOG_COMPILER_APPICON_NAME = AppIcon;
				INFOPLIST_FILE = Sigfood/Info.plist;
				LD_RUNPATH_SEARCH_PATHS = "$(inherited) @executable_path/Frameworks";
				PRODUCT_NAME = "$(TARGET_NAME)";
			};
			name = Debug;
		};
		D6E9E69E19DAC94000BCAD1F /* Release */ = {
			isa = XCBuildConfiguration;
			buildSettings = {
				ASSETCATALOG_COMPILER_APPICON_NAME = AppIcon;
				INFOPLIST_FILE = Sigfood/Info.plist;
				LD_RUNPATH_SEARCH_PATHS = "$(inherited) @executable_path/Frameworks";
				PRODUCT_NAME = "$(TARGET_NAME)";
			};
			name = Release;
		};
		D6E9E6A019DAC94000BCAD1F /* Debug */ = {
			isa = XCBuildConfiguration;
			buildSettings = {
				BUNDLE_LOADER = "$(TEST_HOST)";
				FRAMEWORK_SEARCH_PATHS = (
					"$(SDKROOT)/Developer/Library/Frameworks",
					"$(inherited)",
				);
				GCC_PREPROCESSOR_DEFINITIONS = (
					"DEBUG=1",
					"$(inherited)",
				);
				INFOPLIST_FILE = SigfoodTests/Info.plist;
				LD_RUNPATH_SEARCH_PATHS = "$(inherited) @executable_path/Frameworks @loader_path/Frameworks";
				PRODUCT_NAME = "$(TARGET_NAME)";
				TEST_HOST = "$(BUILT_PRODUCTS_DIR)/Sigfood.app/Sigfood";
			};
			name = Debug;
		};
		D6E9E6A119DAC94000BCAD1F /* Release */ = {
			isa = XCBuildConfiguration;
			buildSettings = {
				BUNDLE_LOADER = "$(TEST_HOST)";
				FRAMEWORK_SEARCH_PATHS = (
					"$(SDKROOT)/Developer/Library/Frameworks",
					"$(inherited)",
				);
				INFOPLIST_FILE = SigfoodTests/Info.plist;
				LD_RUNPATH_SEARCH_PATHS = "$(inherited) @executable_path/Frameworks @loader_path/Frameworks";
				PRODUCT_NAME = "$(TARGET_NAME)";
				TEST_HOST = "$(BUILT_PRODUCTS_DIR)/Sigfood.app/Sigfood";
			};
			name = Release;
		};
/* End XCBuildConfiguration section */

/* Begin XCConfigurationList section */
		D6E9E67819DAC94000BCAD1F /* Build configuration list for PBXProject "Sigfood" */ = {
			isa = XCConfigurationList;
			buildConfigurations = (
				D6E9E69A19DAC94000BCAD1F /* Debug */,
				D6E9E69B19DAC94000BCAD1F /* Release */,
			);
			defaultConfigurationIsVisible = 0;
			defaultConfigurationName = Release;
		};
		D6E9E69C19DAC94000BCAD1F /* Build configuration list for PBXNativeTarget "Sigfood" */ = {
			isa = XCConfigurationList;
			buildConfigurations = (
				D6E9E69D19DAC94000BCAD1F /* Debug */,
				D6E9E69E19DAC94000BCAD1F /* Release */,
			);
			defaultConfigurationIsVisible = 0;
		};
		D6E9E69F19DAC94000BCAD1F /* Build configuration list for PBXNativeTarget "SigfoodTests" */ = {
			isa = XCConfigurationList;
			buildConfigurations = (
				D6E9E6A019DAC94000BCAD1F /* Debug */,
				D6E9E6A119DAC94000BCAD1F /* Release */,
			);
			defaultConfigurationIsVisible = 0;
		};
/* End XCConfigurationList section */
	};
	rootObject = D6E9E67519DAC94000BCAD1F /* Project object */;
}
